{
  "name": "static",
  "lockfileVersion": 3,
  "requires": true,
  "packages": {
    "": {
      "dependencies": {
        "@tonconnect/sdk": "^3.1.0"
      }
    },
    "node_modules/@tonconnect/isomorphic-eventsource": {
      "version": "0.0.2",
      "license": "Apache-2.0",
      "dependencies": {
        "eventsource": "^2.0.2"
      }
    },
    "node_modules/@tonconnect/isomorphic-fetch": {
      "version": "0.0.3",
      "license": "Apache-2.0",
      "dependencies": {
        "node-fetch": "^2.6.9"
      }
    },
    "node_modules/@tonconnect/protocol": {
      "version": "2.2.7",
      "license": "Apache-2.0",
      "dependencies": {
        "tweetnacl": "^1.0.3",
        "tweetnacl-util": "^0.15.1"
      }
    },
    "node_modules/@tonconnect/sdk": {
      "version": "3.1.0",
      "resolved": "https://registry.npmjs.org/@tonconnect/sdk/-/sdk-3.1.0.tgz",
      "integrity": "sha512-bsuuw5+NwoA8MrWMwDWEgfH/LepSKiPbugsojFoJmoJE4/hOsu6H47HEHtlD2NDLIHRhkTsEjiAyc+npfmocjw==",
      "license": "Apache-2.0",
      "dependencies": {
        "@tonconnect/isomorphic-eventsource": "^0.0.2",
        "@tonconnect/isomorphic-fetch": "^0.0.3",
        "@tonconnect/protocol": "^2.2.7"
      }
    },
    "node_modules/eventsource": {
      "version": "2.0.2",
      "license": "MIT",
      "engines": {
        "node": ">=12.0.0"
      }
    },
    "node_modules/node-fetch": {
      "version": "2.7.0",
      "license": "MIT",
      "dependencies": {
        "whatwg-url": "^5.0.0"
      },
      "engines": {
        "node": "4.x || >=6.0.0"
      },
      "peerDependencies": {
        "encoding": "^0.1.0"
      },
      "peerDependenciesMeta": {
        "encoding": {
          "optional": true
        }
      }
    },
    "node_modules/tr46": {
      "version": "0.0.3",
      "license": "MIT"
    },
    "node_modules/tweetnacl": {
      "version": "1.0.3",
      "license": "Unlicense"
    },
    "node_modules/tweetnacl-util": {
      "version": "0.15.1",
      "license": "Unlicense"
    },
    "node_modules/webidl-conversions": {
      "version": "3.0.1",
      "license": "BSD-2-Clause"
    },
    "node_modules/whatwg-url": {
      "version": "5.0.0",
      "license": "MIT",
      "dependencies": {
        "tr46": "~0.0.3",
        "webidl-conversions": "^3.0.0"
      }
    }
  }
}
